// !$*UTF8*$!
{
	archiveVersion = 1;
	classes = {
	};
	objectVersion = 46;
	objects = {

/* Begin PBXBuildFile section */
		7DEF1FF743297D7EBC5510A4 /* libPods-MovedIt.a in Frameworks */ = {isa = PBXBuildFile; fileRef = 5EE3ED073504641C85F3BD41 /* libPods-MovedIt.a */; };
		C1AA66258CACB677239AEFB6 /* Vector.m in Sources */ = {isa = PBXBuildFile; fileRef = C1AA6535B5018CEDBEBB93E7 /* Vector.m */; };
		F90F9A4A1BF6355300AFACD4 /* main.m in Sources */ = {isa = PBXBuildFile; fileRef = F90F9A491BF6355300AFACD4 /* main.m */; };
		F90F9A4D1BF6355300AFACD4 /* AppDelegate.m in Sources */ = {isa = PBXBuildFile; fileRef = F90F9A4C1BF6355300AFACD4 /* AppDelegate.m */; };
		F90F9A501BF6355300AFACD4 /* ViewController.m in Sources */ = {isa = PBXBuildFile; fileRef = F90F9A4F1BF6355300AFACD4 /* ViewController.m */; };
		F90F9A531BF6355300AFACD4 /* Main.storyboard in Resources */ = {isa = PBXBuildFile; fileRef = F90F9A511BF6355300AFACD4 /* Main.storyboard */; };
		F90F9A551BF6355300AFACD4 /* Assets.xcassets in Resources */ = {isa = PBXBuildFile; fileRef = F90F9A541BF6355300AFACD4 /* Assets.xcassets */; };
		F90F9A581BF6355300AFACD4 /* LaunchScreen.storyboard in Resources */ = {isa = PBXBuildFile; fileRef = F90F9A561BF6355300AFACD4 /* LaunchScreen.storyboard */; };
		F90F9A7C1BF6373100AFACD4 /* QuartzCore.framework in Frameworks */ = {isa = PBXBuildFile; fileRef = F90F9A7B1BF6373100AFACD4 /* QuartzCore.framework */; };
		F93F67411C40527900FB527C /* libsqlite3.0.tbd in Frameworks */ = {isa = PBXBuildFile; fileRef = F93F67401C40527900FB527C /* libsqlite3.0.tbd */; };
		F93F67431C40528200FB527C /* libz.tbd in Frameworks */ = {isa = PBXBuildFile; fileRef = F93F67421C40528200FB527C /* libz.tbd */; };
		F93F67451C40528D00FB527C /* SystemConfiguration.framework in Frameworks */ = {isa = PBXBuildFile; fileRef = F93F67441C40528D00FB527C /* SystemConfiguration.framework */; };
		F93F67471C40529400FB527C /* StoreKit.framework in Frameworks */ = {isa = PBXBuildFile; fileRef = F93F67461C40529400FB527C /* StoreKit.framework */; };
		F93F67491C40529B00FB527C /* Security.framework in Frameworks */ = {isa = PBXBuildFile; fileRef = F93F67481C40529B00FB527C /* Security.framework */; };
		F93F674B1C4052AC00FB527C /* CoreLocation.framework in Frameworks */ = {isa = PBXBuildFile; fileRef = F93F674A1C4052AC00FB527C /* CoreLocation.framework */; };
		F93F674D1C4052B300FB527C /* CoreGraphics.framework in Frameworks */ = {isa = PBXBuildFile; fileRef = F93F674C1C4052B300FB527C /* CoreGraphics.framework */; };
		F93F674F1C4052B900FB527C /* CFNetwork.framework in Frameworks */ = {isa = PBXBuildFile; fileRef = F93F674E1C4052B900FB527C /* CFNetwork.framework */; };
		F93F67511C4052BF00FB527C /* AudioToolbox.framework in Frameworks */ = {isa = PBXBuildFile; fileRef = F93F67501C4052BF00FB527C /* AudioToolbox.framework */; };
/* End PBXBuildFile section */

/* Begin PBXFileReference section */
		0292BA70BCD3B43115D3ECDD /* Pods-MovedIt.debug.xcconfig */ = {isa = PBXFileReference; includeInIndex = 1; lastKnownFileType = text.xcconfig; name = "Pods-MovedIt.debug.xcconfig"; path = "Pods/Target Support Files/Pods-MovedIt/Pods-MovedIt.debug.xcconfig"; sourceTree = "<group>"; };
		51314185A5B7E38D1AB923C1 /* Pods-MovedIt.release.xcconfig */ = {isa = PBXFileReference; includeInIndex = 1; lastKnownFileType = text.xcconfig; name = "Pods-MovedIt.release.xcconfig"; path = "Pods/Target Support Files/Pods-MovedIt/Pods-MovedIt.release.xcconfig"; sourceTree = "<group>"; };
		5EE3ED073504641C85F3BD41 /* libPods-MovedIt.a */ = {isa = PBXFileReference; explicitFileType = archive.ar; includeInIndex = 0; path = "libPods-MovedIt.a"; sourceTree = BUILT_PRODUCTS_DIR; };
		C1AA6535B5018CEDBEBB93E7 /* Vector.m */ = {isa = PBXFileReference; fileEncoding = 4; lastKnownFileType = sourcecode.c.objc; path = Vector.m; sourceTree = "<group>"; };
		C1AA6D8894188CEEE923B12F /* Vector.h */ = {isa = PBXFileReference; fileEncoding = 4; lastKnownFileType = sourcecode.c.h; path = Vector.h; sourceTree = "<group>"; };
		F90F9A451BF6355300AFACD4 /* MovedIt.app */ = {isa = PBXFileReference; explicitFileType = wrapper.application; includeInIndex = 0; path = MovedIt.app; sourceTree = BUILT_PRODUCTS_DIR; };
		F90F9A491BF6355300AFACD4 /* main.m */ = {isa = PBXFileReference; lastKnownFileType = sourcecode.c.objc; path = main.m; sourceTree = "<group>"; };
		F90F9A4B1BF6355300AFACD4 /* AppDelegate.h */ = {isa = PBXFileReference; lastKnownFileType = sourcecode.c.h; path = AppDelegate.h; sourceTree = "<group>"; };
		F90F9A4C1BF6355300AFACD4 /* AppDelegate.m */ = {isa = PBXFileReference; lastKnownFileType = sourcecode.c.objc; path = AppDelegate.m; sourceTree = "<group>"; };
		F90F9A4E1BF6355300AFACD4 /* ViewController.h */ = {isa = PBXFileReference; lastKnownFileType = sourcecode.c.h; path = ViewController.h; sourceTree = "<group>"; };
		F90F9A4F1BF6355300AFACD4 /* ViewController.m */ = {isa = PBXFileReference; lastKnownFileType = sourcecode.c.objc; path = ViewController.m; sourceTree = "<group>"; };
		F90F9A521BF6355300AFACD4 /* Base */ = {isa = PBXFileReference; lastKnownFileType = file.storyboard; name = Base; path = Base.lproj/Main.storyboard; sourceTree = "<group>"; };
		F90F9A541BF6355300AFACD4 /* Assets.xcassets */ = {isa = PBXFileReference; lastKnownFileType = folder.assetcatalog; path = Assets.xcassets; sourceTree = "<group>"; };
		F90F9A571BF6355300AFACD4 /* Base */ = {isa = PBXFileReference; lastKnownFileType = file.storyboard; name = Base; path = Base.lproj/LaunchScreen.storyboard; sourceTree = "<group>"; };
		F90F9A591BF6355300AFACD4 /* Info.plist */ = {isa = PBXFileReference; lastKnownFileType = text.plist.xml; path = Info.plist; sourceTree = "<group>"; };
		F90F9A621BF6355300AFACD4 /* MoveItTests.m */ = {isa = PBXFileReference; lastKnownFileType = sourcecode.c.objc; path = MoveItTests.m; sourceTree = "<group>"; };
		F90F9A641BF6355300AFACD4 /* Info.plist */ = {isa = PBXFileReference; lastKnownFileType = text.plist.xml; path = Info.plist; sourceTree = "<group>"; };
		F90F9A6D1BF6355300AFACD4 /* MoveItUITests.m */ = {isa = PBXFileReference; lastKnownFileType = sourcecode.c.objc; path = MoveItUITests.m; sourceTree = "<group>"; };
		F90F9A6F1BF6355300AFACD4 /* Info.plist */ = {isa = PBXFileReference; lastKnownFileType = text.plist.xml; path = Info.plist; sourceTree = "<group>"; };
		F90F9A7B1BF6373100AFACD4 /* QuartzCore.framework */ = {isa = PBXFileReference; lastKnownFileType = wrapper.framework; name = QuartzCore.framework; path = System/Library/Frameworks/QuartzCore.framework; sourceTree = SDKROOT; };
		F93F67401C40527900FB527C /* libsqlite3.0.tbd */ = {isa = PBXFileReference; lastKnownFileType = "sourcecode.text-based-dylib-definition"; name = libsqlite3.0.tbd; path = usr/lib/libsqlite3.0.tbd; sourceTree = SDKROOT; };
		F93F67421C40528200FB527C /* libz.tbd */ = {isa = PBXFileReference; lastKnownFileType = "sourcecode.text-based-dylib-definition"; name = libz.tbd; path = usr/lib/libz.tbd; sourceTree = SDKROOT; };
		F93F67441C40528D00FB527C /* SystemConfiguration.framework */ = {isa = PBXFileReference; lastKnownFileType = wrapper.framework; name = SystemConfiguration.framework; path = System/Library/Frameworks/SystemConfiguration.framework; sourceTree = SDKROOT; };
		F93F67461C40529400FB527C /* StoreKit.framework */ = {isa = PBXFileReference; lastKnownFileType = wrapper.framework; name = StoreKit.framework; path = System/Library/Frameworks/StoreKit.framework; sourceTree = SDKROOT; };
		F93F67481C40529B00FB527C /* Security.framework */ = {isa = PBXFileReference; lastKnownFileType = wrapper.framework; name = Security.framework; path = System/Library/Frameworks/Security.framework; sourceTree = SDKROOT; };
		F93F674A1C4052AC00FB527C /* CoreLocation.framework */ = {isa = PBXFileReference; lastKnownFileType = wrapper.framework; name = CoreLocation.framework; path = System/Library/Frameworks/CoreLocation.framework; sourceTree = SDKROOT; };
		F93F674C1C4052B300FB527C /* CoreGraphics.framework */ = {isa = PBXFileReference; lastKnownFileType = wrapper.framework; name = CoreGraphics.framework; path = System/Library/Frameworks/CoreGraphics.framework; sourceTree = SDKROOT; };
		F93F674E1C4052B900FB527C /* CFNetwork.framework */ = {isa = PBXFileReference; lastKnownFileType = wrapper.framework; name = CFNetwork.framework; path = System/Library/Frameworks/CFNetwork.framework; sourceTree = SDKROOT; };
		F93F67501C4052BF00FB527C /* AudioToolbox.framework */ = {isa = PBXFileReference; lastKnownFileType = wrapper.framework; name = AudioToolbox.framework; path = System/Library/Frameworks/AudioToolbox.framework; sourceTree = SDKROOT; };
/* End PBXFileReference section */

/* Begin PBXFrameworksBuildPhase section */
		F90F9A421BF6355300AFACD4 /* Frameworks */ = {
			isa = PBXFrameworksBuildPhase;
			buildActionMask = 2147483647;
			files = (
				F93F67511C4052BF00FB527C /* AudioToolbox.framework in Frameworks */,
				F93F674F1C4052B900FB527C /* CFNetwork.framework in Frameworks */,
				F93F674D1C4052B300FB527C /* CoreGraphics.framework in Frameworks */,
				F93F674B1C4052AC00FB527C /* CoreLocation.framework in Frameworks */,
				F90F9A7C1BF6373100AFACD4 /* QuartzCore.framework in Frameworks */,
				F93F67491C40529B00FB527C /* Security.framework in Frameworks */,
				F93F67471C40529400FB527C /* StoreKit.framework in Frameworks */,
				F93F67451C40528D00FB527C /* SystemConfiguration.framework in Frameworks */,
				F93F67431C40528200FB527C /* libz.tbd in Frameworks */,
				F93F67411C40527900FB527C /* libsqlite3.0.tbd in Frameworks */,
				7DEF1FF743297D7EBC5510A4 /* libPods-MovedIt.a in Frameworks */,
			);
			runOnlyForDeploymentPostprocessing = 0;
		};
/* End PBXFrameworksBuildPhase section */

/* Begin PBXGroup section */
		3380C3C6214AE37E8FFBA381 /* Pods */ = {
			isa = PBXGroup;
			children = (
				0292BA70BCD3B43115D3ECDD /* Pods-MovedIt.debug.xcconfig */,
				51314185A5B7E38D1AB923C1 /* Pods-MovedIt.release.xcconfig */,
			);
			name = Pods;
			sourceTree = "<group>";
		};
		C1AA6CB1267AB44F887738CB /* Model */ = {
			isa = PBXGroup;
			children = (
				C1AA6535B5018CEDBEBB93E7 /* Vector.m */,
				C1AA6D8894188CEEE923B12F /* Vector.h */,
			);
			path = Model;
			sourceTree = "<group>";
		};
		F90F9A3C1BF6355300AFACD4 = {
			isa = PBXGroup;
			children = (
				F90F9A471BF6355300AFACD4 /* MoveIt */,
				F90F9A611BF6355300AFACD4 /* MoveItTests */,
				F90F9A6C1BF6355300AFACD4 /* MoveItUITests */,
				F90F9A461BF6355300AFACD4 /* Products */,
				F93F673D1C4006A300FB527C /* Frameworks */,
				3380C3C6214AE37E8FFBA381 /* Pods */,
			);
			sourceTree = "<group>";
		};
		F90F9A461BF6355300AFACD4 /* Products */ = {
			isa = PBXGroup;
			children = (
				F90F9A451BF6355300AFACD4 /* MovedIt.app */,
			);
			name = Products;
			sourceTree = "<group>";
		};
		F90F9A471BF6355300AFACD4 /* MoveIt */ = {
			isa = PBXGroup;
			children = (
				F90F9A4B1BF6355300AFACD4 /* AppDelegate.h */,
				F90F9A4C1BF6355300AFACD4 /* AppDelegate.m */,
				F90F9A4E1BF6355300AFACD4 /* ViewController.h */,
				F90F9A4F1BF6355300AFACD4 /* ViewController.m */,
				F90F9A511BF6355300AFACD4 /* Main.storyboard */,
				F90F9A541BF6355300AFACD4 /* Assets.xcassets */,
				F90F9A561BF6355300AFACD4 /* LaunchScreen.storyboard */,
				F90F9A591BF6355300AFACD4 /* Info.plist */,
				F90F9A481BF6355300AFACD4 /* Supporting Files */,
				C1AA6CB1267AB44F887738CB /* Model */,
			);
			path = MoveIt;
			sourceTree = "<group>";
		};
		F90F9A481BF6355300AFACD4 /* Supporting Files */ = {
			isa = PBXGroup;
			children = (
				F90F9A491BF6355300AFACD4 /* main.m */,
			);
			name = "Supporting Files";
			sourceTree = "<group>";
		};
		F90F9A611BF6355300AFACD4 /* MoveItTests */ = {
			isa = PBXGroup;
			children = (
				F90F9A621BF6355300AFACD4 /* MoveItTests.m */,
				F90F9A641BF6355300AFACD4 /* Info.plist */,
			);
			path = MoveItTests;
			sourceTree = "<group>";
		};
		F90F9A6C1BF6355300AFACD4 /* MoveItUITests */ = {
			isa = PBXGroup;
			children = (
				F90F9A6D1BF6355300AFACD4 /* MoveItUITests.m */,
				F90F9A6F1BF6355300AFACD4 /* Info.plist */,
			);
			path = MoveItUITests;
			sourceTree = "<group>";
		};
		F93F673D1C4006A300FB527C /* Frameworks */ = {
			isa = PBXGroup;
			children = (
				F93F67501C4052BF00FB527C /* AudioToolbox.framework */,
				F93F674E1C4052B900FB527C /* CFNetwork.framework */,
				F93F674C1C4052B300FB527C /* CoreGraphics.framework */,
				F93F674A1C4052AC00FB527C /* CoreLocation.framework */,
				F93F67481C40529B00FB527C /* Security.framework */,
				F93F67461C40529400FB527C /* StoreKit.framework */,
				F93F67441C40528D00FB527C /* SystemConfiguration.framework */,
				F93F67421C40528200FB527C /* libz.tbd */,
				F93F67401C40527900FB527C /* libsqlite3.0.tbd */,
				F90F9A7B1BF6373100AFACD4 /* QuartzCore.framework */,
				5EE3ED073504641C85F3BD41 /* libPods-MovedIt.a */,
			);
			name = Frameworks;
			sourceTree = "<group>";
		};
/* End PBXGroup section */

/* Begin PBXNativeTarget section */
		F90F9A441BF6355300AFACD4 /* MovedIt */ = {
			isa = PBXNativeTarget;
			buildConfigurationList = F90F9A721BF6355300AFACD4 /* Build configuration list for PBXNativeTarget "MovedIt" */;
			buildPhases = (
				918420DF1E5E2D68266CE3BE /* Check Pods Manifest.lock */,
				F90F9A411BF6355300AFACD4 /* Sources */,
				F90F9A421BF6355300AFACD4 /* Frameworks */,
				F90F9A431BF6355300AFACD4 /* Resources */,
				ADE20E7E8C9E387463534ACB /* Embed Pods Frameworks */,
				5BEE1CF14FE4C2BF8A746699 /* Copy Pods Resources */,
			);
			buildRules = (
			);
			dependencies = (
			);
			name = MovedIt;
			productName = MoveIt;
			productReference = F90F9A451BF6355300AFACD4 /* MovedIt.app */;
			productType = "com.apple.product-type.application";
		};
/* End PBXNativeTarget section */

/* Begin PBXProject section */
		F90F9A3D1BF6355300AFACD4 /* Project object */ = {
			isa = PBXProject;
			attributes = {
				LastUpgradeCheck = 0710;
				ORGANIZATIONNAME = "Less Is More";
				TargetAttributes = {
					F90F9A441BF6355300AFACD4 = {
						CreatedOnToolsVersion = 7.1.1;
						DevelopmentTeam = EB59AW96ZD;
					};
				};
			};
			buildConfigurationList = F90F9A401BF6355300AFACD4 /* Build configuration list for PBXProject "MovedIt" */;
			compatibilityVersion = "Xcode 3.2";
			developmentRegion = English;
			hasScannedForEncodings = 0;
			knownRegions = (
				en,
				Base,
			);
			mainGroup = F90F9A3C1BF6355300AFACD4;
			productRefGroup = F90F9A461BF6355300AFACD4 /* Products */;
			projectDirPath = "";
			projectRoot = "";
			targets = (
				F90F9A441BF6355300AFACD4 /* MovedIt */,
			);
		};
/* End PBXProject section */

/* Begin PBXResourcesBuildPhase section */
		F90F9A431BF6355300AFACD4 /* Resources */ = {
			isa = PBXResourcesBuildPhase;
			buildActionMask = 2147483647;
			files = (
				F90F9A581BF6355300AFACD4 /* LaunchScreen.storyboard in Resources */,
				F90F9A551BF6355300AFACD4 /* Assets.xcassets in Resources */,
				F90F9A531BF6355300AFACD4 /* Main.storyboard in Resources */,
			);
			runOnlyForDeploymentPostprocessing = 0;
		};
/* End PBXResourcesBuildPhase section */

/* Begin PBXShellScriptBuildPhase section */
		5BEE1CF14FE4C2BF8A746699 /* Copy Pods Resources */ = {
			isa = PBXShellScriptBuildPhase;
			buildActionMask = 2147483647;
			files = (
			);
			inputPaths = (
			);
			name = "Copy Pods Resources";
			outputPaths = (
			);
			runOnlyForDeploymentPostprocessing = 0;
			shellPath = /bin/sh;
			shellScript = "\"${SRCROOT}/Pods/Target Support Files/Pods-MovedIt/Pods-MovedIt-resources.sh\"\n";
			showEnvVarsInLog = 0;
		};
		918420DF1E5E2D68266CE3BE /* Check Pods Manifest.lock */ = {
			isa = PBXShellScriptBuildPhase;
			buildActionMask = 2147483647;
			files = (
			);
			inputPaths = (
			);
			name = "Check Pods Manifest.lock";
			outputPaths = (
			);
			runOnlyForDeploymentPostprocessing = 0;
			shellPath = /bin/sh;
			shellScript = "diff \"${PODS_ROOT}/../Podfile.lock\" \"${PODS_ROOT}/Manifest.lock\" > /dev/null\nif [[ $? != 0 ]] ; then\n    cat << EOM\nerror: The sandbox is not in sync with the Podfile.lock. Run 'pod install' or update your CocoaPods installation.\nEOM\n    exit 1\nfi\n";
			showEnvVarsInLog = 0;
		};
		ADE20E7E8C9E387463534ACB /* Embed Pods Frameworks */ = {
			isa = PBXShellScriptBuildPhase;
			buildActionMask = 2147483647;
			files = (
			);
			inputPaths = (
			);
			name = "Embed Pods Frameworks";
			outputPaths = (
			);
			runOnlyForDeploymentPostprocessing = 0;
			shellPath = /bin/sh;
			shellScript = "\"${SRCROOT}/Pods/Target Support Files/Pods-MovedIt/Pods-MovedIt-frameworks.sh\"\n";
			showEnvVarsInLog = 0;
		};
/* End PBXShellScriptBuildPhase section */

/* Begin PBXSourcesBuildPhase section */
		F90F9A411BF6355300AFACD4 /* Sources */ = {
			isa = PBXSourcesBuildPhase;
			buildActionMask = 2147483647;
			files = (
				F90F9A501BF6355300AFACD4 /* ViewController.m in Sources */,
				F90F9A4D1BF6355300AFACD4 /* AppDelegate.m in Sources */,
				F90F9A4A1BF6355300AFACD4 /* main.m in Sources */,
				C1AA66258CACB677239AEFB6 /* Vector.m in Sources */,
			);
			runOnlyForDeploymentPostprocessing = 0;
		};
/* End PBXSourcesBuildPhase section */

/* Begin PBXVariantGroup section */
		F90F9A511BF6355300AFACD4 /* Main.storyboard */ = {
			isa = PBXVariantGroup;
			children = (
				F90F9A521BF6355300AFACD4 /* Base */,
			);
			name = Main.storyboard;
			sourceTree = "<group>";
		};
		F90F9A561BF6355300AFACD4 /* LaunchScreen.storyboard */ = {
			isa = PBXVariantGroup;
			children = (
				F90F9A571BF6355300AFACD4 /* Base */,
			);
			name = LaunchScreen.storyboard;
			sourceTree = "<group>";
		};
/* End PBXVariantGroup section */

/* Begin XCBuildConfiguration section */
		F90F9A701BF6355300AFACD4 /* Debug */ = {
			isa = XCBuildConfiguration;
			buildSettings = {
				ALWAYS_SEARCH_USER_PATHS = NO;
				CLANG_CXX_LANGUAGE_STANDARD = "gnu++0x";
				CLANG_CXX_LIBRARY = "libc++";
				CLANG_ENABLE_MODULES = YES;
				CLANG_ENABLE_OBJC_ARC = YES;
				CLANG_WARN_BOOL_CONVERSION = YES;
				CLANG_WARN_CONSTANT_CONVERSION = YES;
				CLANG_WARN_DIRECT_OBJC_ISA_USAGE = YES_ERROR;
				CLANG_WARN_EMPTY_BODY = YES;
				CLANG_WARN_ENUM_CONVERSION = YES;
				CLANG_WARN_INT_CONVERSION = YES;
				CLANG_WARN_OBJC_ROOT_CLASS = YES_ERROR;
				CLANG_WARN_UNREACHABLE_CODE = YES;
				CLANG_WARN__DUPLICATE_METHOD_MATCH = YES;
				"CODE_SIGN_IDENTITY[sdk=iphoneos*]" = "iPhone Developer: Atanas Balevsky (XNAYQ7NWXV)";
				COPY_PHASE_STRIP = NO;
				DEBUG_INFORMATION_FORMAT = dwarf;
				ENABLE_STRICT_OBJC_MSGSEND = YES;
				ENABLE_TESTABILITY = YES;
				GCC_C_LANGUAGE_STANDARD = gnu99;
				GCC_DYNAMIC_NO_PIC = NO;
				GCC_NO_COMMON_BLOCKS = YES;
				GCC_OPTIMIZATION_LEVEL = 0;
				GCC_PREPROCESSOR_DEFINITIONS = (
					"DEBUG=1",
					"$(inherited)",
				);
				GCC_WARN_64_TO_32_BIT_CONVERSION = YES;
				GCC_WARN_ABOUT_RETURN_TYPE = YES_ERROR;
				GCC_WARN_UNDECLARED_SELECTOR = YES;
				GCC_WARN_UNINITIALIZED_AUTOS = YES_AGGRESSIVE;
				GCC_WARN_UNUSED_FUNCTION = YES;
				GCC_WARN_UNUSED_VARIABLE = YES;
				IPHONEOS_DEPLOYMENT_TARGET = 9.1;
				MTL_ENABLE_DEBUG_INFO = YES;
				ONLY_ACTIVE_ARCH = YES;
				PROVISIONING_PROFILE = "91b4b4ad-f314-46f6-bf08-7f70b75d0e85";
				SDKROOT = iphoneos;
				TARGETED_DEVICE_FAMILY = "1,2";
			};
			name = Debug;
		};
		F90F9A711BF6355300AFACD4 /* Release */ = {
			isa = XCBuildConfiguration;
			buildSettings = {
				ALWAYS_SEARCH_USER_PATHS = NO;
				CLANG_CXX_LANGUAGE_STANDARD = "gnu++0x";
				CLANG_CXX_LIBRARY = "libc++";
				CLANG_ENABLE_MODULES = YES;
				CLANG_ENABLE_OBJC_ARC = YES;
				CLANG_WARN_BOOL_CONVERSION = YES;
				CLANG_WARN_CONSTANT_CONVERSION = YES;
				CLANG_WARN_DIRECT_OBJC_ISA_USAGE = YES_ERROR;
				CLANG_WARN_EMPTY_BODY = YES;
				CLANG_WARN_ENUM_CONVERSION = YES;
				CLANG_WARN_INT_CONVERSION = YES;
				CLANG_WARN_OBJC_ROOT_CLASS = YES_ERROR;
				CLANG_WARN_UNREACHABLE_CODE = YES;
				CLANG_WARN__DUPLICATE_METHOD_MATCH = YES;
				"CODE_SIGN_IDENTITY[sdk=iphoneos*]" = "iPhone Distribution: Atanas Balevski (EB59AW96ZD)";
				COPY_PHASE_STRIP = NO;
				DEBUG_INFORMATION_FORMAT = "dwarf-with-dsym";
				ENABLE_NS_ASSERTIONS = NO;
				ENABLE_STRICT_OBJC_MSGSEND = YES;
				GCC_C_LANGUAGE_STANDARD = gnu99;
				GCC_NO_COMMON_BLOCKS = YES;
				GCC_WARN_64_TO_32_BIT_CONVERSION = YES;
				GCC_WARN_ABOUT_RETURN_TYPE = YES_ERROR;
				GCC_WARN_UNDECLARED_SELECTOR = YES;
				GCC_WARN_UNINITIALIZED_AUTOS = YES_AGGRESSIVE;
				GCC_WARN_UNUSED_FUNCTION = YES;
				GCC_WARN_UNUSED_VARIABLE = YES;
				IPHONEOS_DEPLOYMENT_TARGET = 9.1;
				MTL_ENABLE_DEBUG_INFO = NO;
				PROVISIONING_PROFILE = "5b784891-63a9-4404-81be-b42416e36ef5";
				SDKROOT = iphoneos;
				TARGETED_DEVICE_FAMILY = "1,2";
				VALIDATE_PRODUCT = YES;
			};
			name = Release;
		};
		F90F9A731BF6355300AFACD4 /* Debug */ = {
			isa = XCBuildConfiguration;
			baseConfigurationReference = 0292BA70BCD3B43115D3ECDD /* Pods-MovedIt.debug.xcconfig */;
			buildSettings = {
				ASSETCATALOG_COMPILER_APPICON_NAME = AppIcon;
				ASSETCATALOG_COMPILER_LAUNCHIMAGE_NAME = LaunchImage;
				CODE_SIGN_IDENTITY = "iPhone Developer: Atanas Balevsky (XNAYQ7NWXV)";
				INFOPLIST_FILE = MoveIt/Info.plist;
				IPHONEOS_DEPLOYMENT_TARGET = 8.1;
				LD_RUNPATH_SEARCH_PATHS = "$(inherited) @executable_path/Frameworks";
				PRODUCT_BUNDLE_IDENTIFIER = com.balevsky.MovedIt;
				PRODUCT_NAME = MovedIt;
				TARGETED_DEVICE_FAMILY = 1;
			};
			name = Debug;
		};
		F90F9A741BF6355300AFACD4 /* Release */ = {
			isa = XCBuildConfiguration;
			baseConfigurationReference = 51314185A5B7E38D1AB923C1 /* Pods-MovedIt.release.xcconfig */;
			buildSettings = {
				ASSETCATALOG_COMPILER_APPICON_NAME = AppIcon;
				ASSETCATALOG_COMPILER_LAUNCHIMAGE_NAME = LaunchImage;
				CODE_SIGN_IDENTITY = "iPhone Distribution: Atanas Balevski (EB59AW96ZD)";
				INFOPLIST_FILE = MoveIt/Info.plist;
				IPHONEOS_DEPLOYMENT_TARGET = 8.1;
				LD_RUNPATH_SEARCH_PATHS = "$(inherited) @executable_path/Frameworks";
				PRODUCT_BUNDLE_IDENTIFIER = com.balevsky.MovedIt;
				PRODUCT_NAME = MovedIt;
				TARGETED_DEVICE_FAMILY = 1;
			};
			name = Release;
		};
/* End XCBuildConfiguration section */

/* Begin XCConfigurationList section */
		F90F9A401BF6355300AFACD4 /* Build configuration list for PBXProject "MovedIt" */ = {
			isa = XCConfigurationList;
			buildConfigurations = (
				F90F9A701BF6355300AFACD4 /* Debug */,
				F90F9A711BF6355300AFACD4 /* Release */,
			);
			defaultConfigurationIsVisible = 0;
			defaultConfigurationName = Release;
		};
		F90F9A721BF6355300AFACD4 /* Build configuration list for PBXNativeTarget "MovedIt" */ = {
			isa = XCConfigurationList;
			buildConfigurations = (
				F90F9A731BF6355300AFACD4 /* Debug */,
				F90F9A741BF6355300AFACD4 /* Release */,
			);
			defaultConfigurationIsVisible = 0;
			defaultConfigurationName = Release;
		};
/* End XCConfigurationList section */
	};
	rootObject = F90F9A3D1BF6355300AFACD4 /* Project object */;
}
